
Microsoft Visual Studio Solution File, Format Version 12.00
# Visual Studio Version 17
VisualStudioVersion = 17.9.34723.18
MinimumVisualStudioVersion = 10.0.40219.1
Project("{FAE04EC0-301F-11D3-BF4B-00C04F79EFBC}") = "api-weather", "api-weather\api-weather.csproj", "{720A176A-D51F-4570-8A50-7D7916C80EA7}"
EndProject
Project("{FAE04EC0-301F-11D3-BF4B-00C04F79EFBC}") = "webAplication", "webAplication\webAplication.csproj", "{36A1093B-4E30-47F1-92FF-D6EEA2FB034E}"
EndProject
Global
	GlobalSection(SolutionConfigurationPlatforms) = preSolution
		Debug|Any CPU = Debug|Any CPU
		Release|Any CPU = Release|Any CPU
	EndGlobalSection
	GlobalSection(ProjectConfigurationPlatforms) = postSolution
		{720A176A-D51F-4570-8A50-7D7916C80EA7}.Debug|Any CPU.ActiveCfg = Debug|Any CPU
		{720A176A-D51F-4570-8A50-7D7916C80EA7}.Debug|Any CPU.Build.0 = Debug|Any CPU
		{720A176A-D51F-4570-8A50-7D7916C80EA7}.Release|Any CPU.ActiveCfg = Release|Any CPU
		{720A176A-D51F-4570-8A50-7D7916C80EA7}.Release|Any CPU.Build.0 = Release|Any CPU
		{36A1093B-4E30-47F1-92FF-D6EEA2FB034E}.Debug|Any CPU.ActiveCfg = Debug|Any CPU
		{36A1093B-4E30-47F1-92FF-D6EEA2FB034E}.Debug|Any CPU.Build.0 = Debug|Any CPU
		{36A1093B-4E30-47F1-92FF-D6EEA2FB034E}.Release|Any CPU.ActiveCfg = Release|Any CPU
		{36A1093B-4E30-47F1-92FF-D6EEA2FB034E}.Release|Any CPU.Build.0 = Release|Any CPU
	EndGlobalSection
	GlobalSection(SolutionProperties) = preSolution
		HideSolutionNode = FALSE
	EndGlobalSection
	GlobalSection(ExtensibilityGlobals) = postSolution
		SolutionGuid = {DABED890-BDBC-4FEE-B9AA-8055ABD938CD}
	EndGlobalSection
EndGlobal
